# @generated by Move, please check-in and do not edit manually.

[move]
version = 2
manifest_digest = "0EFDA73D2FC4FD041ADEE841C67B58132764204A718E588391506EAB1E231222"
deps_digest = "F8BBB0CCB2491CA29A3DF03D6F92277A4F3574266507ACD77214D37ECA3F3082"
dependencies = [
  { name = "Sui" },
]

[[move.package]]
name = "MoveStdlib"
source = { git = "https://github.com/MystenLabs/sui.git", rev = "framework/testnet", subdir = "crates/sui-framework/packages/move-stdlib" }

[[move.package]]
name = "Sui"
source = { git = "https://github.com/MystenLabs/sui.git", rev = "framework/testnet", subdir = "crates/sui-framework/packages/sui-framework" }

dependencies = [
  { name = "MoveStdlib" },
]

[move.toolchain-version]
compiler-version = "1.34.0"
edition = "2024.beta"
flavor = "sui"

[env]

[env.testnet]
chain-id = "4c78adac"
original-published-id = "0xc6a0e39e5b4a3df08ee41ad0a4c67d01367e5e61512746815b4c4b4429b4d2cb"
latest-published-id = "0xc6a0e39e5b4a3df08ee41ad0a4c67d01367e5e61512746815b4c4b4429b4d2cb"
published-version = "1"
